
Microsoft Visual Studio Solution File, Format Version 12.00
# Visual Studio 15
Project("{FAE04EC0-301F-11D3-BF4B-00C04F79EFBC}") = "BuilderPattern", "BuilderPattern\BuilderPattern.csproj", "{AACA784D-A43E-402D-B19E-397A0202D748}"
EndProject
Global
	GlobalSection(SolutionConfigurationPlatforms) = preSolution
		Debug|x86 = Debug|x86
		Release|x86 = Release|x86
	EndGlobalSection
	GlobalSection(ProjectConfigurationPlatforms) = postSolution
		{AACA784D-A43E-402D-B19E-397A0202D748}.Debug|x86.ActiveCfg = Debug|x86
		{AACA784D-A43E-402D-B19E-397A0202D748}.Debug|x86.Build.0 = Debug|x86
		{AACA784D-A43E-402D-B19E-397A0202D748}.Release|x86.ActiveCfg = Release|x86
		{AACA784D-A43E-402D-B19E-397A0202D748}.Release|x86.Build.0 = Release|x86
	EndGlobalSection
EndGlobal
