
Microsoft Visual Studio Solution File, Format Version 12.00
# Visual Studio 15
VisualStudioVersion = 15.0.28307.271
MinimumVisualStudioVersion = 10.0.40219.1
Project("{FAE04EC0-301F-11D3-BF4B-00C04F79EFBC}") = "ObserverPattern", "ObserverPattern\ObserverPattern.csproj", "{C7EB2B59-4E73-4ABD-8BE9-8FF1E1BF8A92}"
EndProject
Project("{FAE04EC0-301F-11D3-BF4B-00C04F79EFBC}") = "AdapterPattern", "AdapterPattern\AdapterPattern.csproj", "{65160750-D051-4E51-B5FA-D85F2802C9D0}"
EndProject
Project("{FAE04EC0-301F-11D3-BF4B-00C04F79EFBC}") = "DesignPatterns", "DesignPatterns\DesignPatterns.csproj", "{F1ED9BBD-C1B1-4AC3-8F7C-0E5E87D79F3E}"
	ProjectSection(ProjectDependencies) = postProject
		{1AFCF68C-FB50-4A29-84D7-62B29398695D} = {1AFCF68C-FB50-4A29-84D7-62B29398695D}
	EndProjectSection
EndProject
Project("{FAE04EC0-301F-11D3-BF4B-00C04F79EFBC}") = "DecoratorPattern", "DecoratorPattern\DecoratorPattern.csproj", "{6ABA888F-B318-48A9-BF63-0AA8926FF055}"
EndProject
Project("{FAE04EC0-301F-11D3-BF4B-00C04F79EFBC}") = "FacadePattern", "FacadePattern\FacadePattern.csproj", "{CB3EB5F5-E32C-49F1-A648-E96D2875EF5E}"
EndProject
Project("{FAE04EC0-301F-11D3-BF4B-00C04F79EFBC}") = "ProxyPattern", "ProxyPattern\ProxyPattern.csproj", "{9F4FD054-023B-4D74-AFA2-E6131BC7A297}"
EndProject
Project("{FAE04EC0-301F-11D3-BF4B-00C04F79EFBC}") = "CompositePattern", "CompositePattern\CompositePattern.csproj", "{07F83013-63E9-43AC-97B7-79614ED3BC6F}"
EndProject
Project("{FAE04EC0-301F-11D3-BF4B-00C04F79EFBC}") = "SingletonPattern", "SingletonPattern\SingletonPattern.csproj", "{16E51408-90AC-45DF-8532-BA9790953BF9}"
EndProject
Project("{FAE04EC0-301F-11D3-BF4B-00C04F79EFBC}") = "IteratorPattern", "IteratorPattern\IteratorPattern.csproj", "{9AB06B15-C4D6-41D0-81E6-247DD659CAB9}"
EndProject
Project("{FAE04EC0-301F-11D3-BF4B-00C04F79EFBC}") = "FlyweightPattern", "FlyweightPattern\FlyweightPattern.csproj", "{1AFCF68C-FB50-4A29-84D7-62B29398695D}"
EndProject
Project("{FAE04EC0-301F-11D3-BF4B-00C04F79EFBC}") = "BridgePattern", "BridgePattern\BridgePattern.csproj", "{82EAB58E-2CA3-47CF-AA5A-9615FAC83096}"
EndProject
Project("{FAE04EC0-301F-11D3-BF4B-00C04F79EFBC}") = "StrategyPattern", "StrategyPattern\StrategyPattern.csproj", "{5378C03B-F3F8-433D-A718-70EB5952D858}"
EndProject
Project("{FAE04EC0-301F-11D3-BF4B-00C04F79EFBC}") = "MementoPattern", "MementoPattern\MementoPattern.csproj", "{9DEA70A7-D495-4218-853A-2A6930B83FCF}"
EndProject
Project("{FAE04EC0-301F-11D3-BF4B-00C04F79EFBC}") = "AbstractFactoryPattern", "AbstractFactoryPattern\AbstractFactoryPattern.csproj", "{41781A28-363B-4A93-83E2-BD30682EFD82}"
EndProject
Project("{FAE04EC0-301F-11D3-BF4B-00C04F79EFBC}") = "CommandPattern", "CommandPattern\CommandPattern.csproj", "{7706FD32-DBFA-4FA2-ACBF-65EB9A1D26C4}"
EndProject
Project("{FAE04EC0-301F-11D3-BF4B-00C04F79EFBC}") = "MediatorPattern", "MediatorPattern\MediatorPattern.csproj", "{11C8E3DF-BCA5-438A-9DF5-64380149318F}"
EndProject
Project("{FAE04EC0-301F-11D3-BF4B-00C04F79EFBC}") = "StatePattern", "StatePattern\StatePattern.csproj", "{5E89F6BC-9553-4D8E-9D52-CAE943BE71CA}"
EndProject
Project("{FAE04EC0-301F-11D3-BF4B-00C04F79EFBC}") = "BuilderPattern", "BuilderPattern\BuilderPattern.csproj", "{EB83AECD-B33A-43BC-8499-BDC2F633252E}"
EndProject
Global
	GlobalSection(SolutionConfigurationPlatforms) = preSolution
		Debug|Any CPU = Debug|Any CPU
		Release|Any CPU = Release|Any CPU
	EndGlobalSection
	GlobalSection(ProjectConfigurationPlatforms) = postSolution
		{C7EB2B59-4E73-4ABD-8BE9-8FF1E1BF8A92}.Debug|Any CPU.ActiveCfg = Debug|Any CPU
		{C7EB2B59-4E73-4ABD-8BE9-8FF1E1BF8A92}.Debug|Any CPU.Build.0 = Debug|Any CPU
		{C7EB2B59-4E73-4ABD-8BE9-8FF1E1BF8A92}.Release|Any CPU.ActiveCfg = Release|Any CPU
		{C7EB2B59-4E73-4ABD-8BE9-8FF1E1BF8A92}.Release|Any CPU.Build.0 = Release|Any CPU
		{65160750-D051-4E51-B5FA-D85F2802C9D0}.Debug|Any CPU.ActiveCfg = Debug|Any CPU
		{65160750-D051-4E51-B5FA-D85F2802C9D0}.Debug|Any CPU.Build.0 = Debug|Any CPU
		{65160750-D051-4E51-B5FA-D85F2802C9D0}.Release|Any CPU.ActiveCfg = Release|Any CPU
		{65160750-D051-4E51-B5FA-D85F2802C9D0}.Release|Any CPU.Build.0 = Release|Any CPU
		{F1ED9BBD-C1B1-4AC3-8F7C-0E5E87D79F3E}.Debug|Any CPU.ActiveCfg = Debug|Any CPU
		{F1ED9BBD-C1B1-4AC3-8F7C-0E5E87D79F3E}.Debug|Any CPU.Build.0 = Debug|Any CPU
		{F1ED9BBD-C1B1-4AC3-8F7C-0E5E87D79F3E}.Release|Any CPU.ActiveCfg = Release|Any CPU
		{F1ED9BBD-C1B1-4AC3-8F7C-0E5E87D79F3E}.Release|Any CPU.Build.0 = Release|Any CPU
		{6ABA888F-B318-48A9-BF63-0AA8926FF055}.Debug|Any CPU.ActiveCfg = Debug|Any CPU
		{6ABA888F-B318-48A9-BF63-0AA8926FF055}.Debug|Any CPU.Build.0 = Debug|Any CPU
		{6ABA888F-B318-48A9-BF63-0AA8926FF055}.Release|Any CPU.ActiveCfg = Release|Any CPU
		{6ABA888F-B318-48A9-BF63-0AA8926FF055}.Release|Any CPU.Build.0 = Release|Any CPU
		{CB3EB5F5-E32C-49F1-A648-E96D2875EF5E}.Debug|Any CPU.ActiveCfg = Debug|Any CPU
		{CB3EB5F5-E32C-49F1-A648-E96D2875EF5E}.Debug|Any CPU.Build.0 = Debug|Any CPU
		{CB3EB5F5-E32C-49F1-A648-E96D2875EF5E}.Release|Any CPU.ActiveCfg = Release|Any CPU
		{CB3EB5F5-E32C-49F1-A648-E96D2875EF5E}.Release|Any CPU.Build.0 = Release|Any CPU
		{9F4FD054-023B-4D74-AFA2-E6131BC7A297}.Debug|Any CPU.ActiveCfg = Debug|Any CPU
		{9F4FD054-023B-4D74-AFA2-E6131BC7A297}.Debug|Any CPU.Build.0 = Debug|Any CPU
		{9F4FD054-023B-4D74-AFA2-E6131BC7A297}.Release|Any CPU.ActiveCfg = Release|Any CPU
		{9F4FD054-023B-4D74-AFA2-E6131BC7A297}.Release|Any CPU.Build.0 = Release|Any CPU
		{07F83013-63E9-43AC-97B7-79614ED3BC6F}.Debug|Any CPU.ActiveCfg = Debug|Any CPU
		{07F83013-63E9-43AC-97B7-79614ED3BC6F}.Debug|Any CPU.Build.0 = Debug|Any CPU
		{07F83013-63E9-43AC-97B7-79614ED3BC6F}.Release|Any CPU.ActiveCfg = Release|Any CPU
		{07F83013-63E9-43AC-97B7-79614ED3BC6F}.Release|Any CPU.Build.0 = Release|Any CPU
		{16E51408-90AC-45DF-8532-BA9790953BF9}.Debug|Any CPU.ActiveCfg = Debug|Any CPU
		{16E51408-90AC-45DF-8532-BA9790953BF9}.Debug|Any CPU.Build.0 = Debug|Any CPU
		{16E51408-90AC-45DF-8532-BA9790953BF9}.Release|Any CPU.ActiveCfg = Release|Any CPU
		{16E51408-90AC-45DF-8532-BA9790953BF9}.Release|Any CPU.Build.0 = Release|Any CPU
		{9AB06B15-C4D6-41D0-81E6-247DD659CAB9}.Debug|Any CPU.ActiveCfg = Debug|Any CPU
		{9AB06B15-C4D6-41D0-81E6-247DD659CAB9}.Debug|Any CPU.Build.0 = Debug|Any CPU
		{9AB06B15-C4D6-41D0-81E6-247DD659CAB9}.Release|Any CPU.ActiveCfg = Release|Any CPU
		{9AB06B15-C4D6-41D0-81E6-247DD659CAB9}.Release|Any CPU.Build.0 = Release|Any CPU
		{1AFCF68C-FB50-4A29-84D7-62B29398695D}.Debug|Any CPU.ActiveCfg = Debug|Any CPU
		{1AFCF68C-FB50-4A29-84D7-62B29398695D}.Debug|Any CPU.Build.0 = Debug|Any CPU
		{1AFCF68C-FB50-4A29-84D7-62B29398695D}.Release|Any CPU.ActiveCfg = Release|Any CPU
		{1AFCF68C-FB50-4A29-84D7-62B29398695D}.Release|Any CPU.Build.0 = Release|Any CPU
		{82EAB58E-2CA3-47CF-AA5A-9615FAC83096}.Debug|Any CPU.ActiveCfg = Debug|Any CPU
		{82EAB58E-2CA3-47CF-AA5A-9615FAC83096}.Debug|Any CPU.Build.0 = Debug|Any CPU
		{82EAB58E-2CA3-47CF-AA5A-9615FAC83096}.Release|Any CPU.ActiveCfg = Release|Any CPU
		{82EAB58E-2CA3-47CF-AA5A-9615FAC83096}.Release|Any CPU.Build.0 = Release|Any CPU
		{5378C03B-F3F8-433D-A718-70EB5952D858}.Debug|Any CPU.ActiveCfg = Debug|Any CPU
		{5378C03B-F3F8-433D-A718-70EB5952D858}.Debug|Any CPU.Build.0 = Debug|Any CPU
		{5378C03B-F3F8-433D-A718-70EB5952D858}.Release|Any CPU.ActiveCfg = Release|Any CPU
		{5378C03B-F3F8-433D-A718-70EB5952D858}.Release|Any CPU.Build.0 = Release|Any CPU
		{9DEA70A7-D495-4218-853A-2A6930B83FCF}.Debug|Any CPU.ActiveCfg = Debug|Any CPU
		{9DEA70A7-D495-4218-853A-2A6930B83FCF}.Debug|Any CPU.Build.0 = Debug|Any CPU
		{9DEA70A7-D495-4218-853A-2A6930B83FCF}.Release|Any CPU.ActiveCfg = Release|Any CPU
		{9DEA70A7-D495-4218-853A-2A6930B83FCF}.Release|Any CPU.Build.0 = Release|Any CPU
		{41781A28-363B-4A93-83E2-BD30682EFD82}.Debug|Any CPU.ActiveCfg = Debug|Any CPU
		{41781A28-363B-4A93-83E2-BD30682EFD82}.Debug|Any CPU.Build.0 = Debug|Any CPU
		{41781A28-363B-4A93-83E2-BD30682EFD82}.Release|Any CPU.ActiveCfg = Release|Any CPU
		{41781A28-363B-4A93-83E2-BD30682EFD82}.Release|Any CPU.Build.0 = Release|Any CPU
		{7706FD32-DBFA-4FA2-ACBF-65EB9A1D26C4}.Debug|Any CPU.ActiveCfg = Debug|Any CPU
		{7706FD32-DBFA-4FA2-ACBF-65EB9A1D26C4}.Debug|Any CPU.Build.0 = Debug|Any CPU
		{7706FD32-DBFA-4FA2-ACBF-65EB9A1D26C4}.Release|Any CPU.ActiveCfg = Release|Any CPU
		{7706FD32-DBFA-4FA2-ACBF-65EB9A1D26C4}.Release|Any CPU.Build.0 = Release|Any CPU
		{11C8E3DF-BCA5-438A-9DF5-64380149318F}.Debug|Any CPU.ActiveCfg = Debug|Any CPU
		{11C8E3DF-BCA5-438A-9DF5-64380149318F}.Debug|Any CPU.Build.0 = Debug|Any CPU
		{11C8E3DF-BCA5-438A-9DF5-64380149318F}.Release|Any CPU.ActiveCfg = Release|Any CPU
		{11C8E3DF-BCA5-438A-9DF5-64380149318F}.Release|Any CPU.Build.0 = Release|Any CPU
		{5E89F6BC-9553-4D8E-9D52-CAE943BE71CA}.Debug|Any CPU.ActiveCfg = Debug|Any CPU
		{5E89F6BC-9553-4D8E-9D52-CAE943BE71CA}.Debug|Any CPU.Build.0 = Debug|Any CPU
		{5E89F6BC-9553-4D8E-9D52-CAE943BE71CA}.Release|Any CPU.ActiveCfg = Release|Any CPU
		{5E89F6BC-9553-4D8E-9D52-CAE943BE71CA}.Release|Any CPU.Build.0 = Release|Any CPU
		{EB83AECD-B33A-43BC-8499-BDC2F633252E}.Debug|Any CPU.ActiveCfg = Debug|Any CPU
		{EB83AECD-B33A-43BC-8499-BDC2F633252E}.Debug|Any CPU.Build.0 = Debug|Any CPU
		{EB83AECD-B33A-43BC-8499-BDC2F633252E}.Release|Any CPU.ActiveCfg = Release|Any CPU
		{EB83AECD-B33A-43BC-8499-BDC2F633252E}.Release|Any CPU.Build.0 = Release|Any CPU
	EndGlobalSection
	GlobalSection(SolutionProperties) = preSolution
		HideSolutionNode = FALSE
	EndGlobalSection
	GlobalSection(ExtensibilityGlobals) = postSolution
		SolutionGuid = {0C011ADE-F715-4B2A-9478-3BD0C406FE24}
	EndGlobalSection
EndGlobal
